github.com/lxn/win v0.0.0-20190905152257-9739bfe37f9b h1:MA/z1Lrrp+AE+IBhp9ztPTw42sNPSpAZO+FHKElCJ8M=
github.com/lxn/win v0.0.0-20190905152257-9739bfe37f9b/go.mod h1:oO6+4g3P1GcPAG7LPffwn8Ye0cxW0goh0sUZ6+lRFPs=
golang.org/x/sys v0.1.0 h1:kunALQeHf1/185U1i0GOB/fy1IPRDDpuoOOqRReG57U=
golang.org/x/sys v0.1.0/go.mod h1:oPkhp1MJrh7nUepCBck5+mAzfO9JrbApNNgaTdGDITg=
