github.com/lxn/win v0.0.0-20190905152257-9739bfe37f9b/go.mod h1:oO6+4g3P1GcPAG7LPffwn8Ye0cxW0goh0sUZ6+lRFPs=
github.com/lxn/win v0.0.0-20210218163916-a377121e959e h1:H+t6A/QJMbhCSEH5rAuRxh+CtW96g0Or0Fxa9IKr4uc=
github.com/lxn/win v0.0.0-20210218163916-a377121e959e/go.mod h1:KxxjdtRkfNoYDCUP5ryK7XJJNTnpC8atvtmTheChOtk=
github.com/whtiehack/wingui v0.0.13 h1:YBaLUGMaHJvQWtJXrdVLDjHoZEz/8C3yAvpkB5nOg0s=
github.com/whtiehack/wingui v0.0.13/go.mod h1:fC37O+UTVZRHsxCgFhnE3FZthwFgQ2Yn6wstkTYzVAE=
golang.org/x/sys v0.0.0-20190904154756-749cb33beabd/go.mod h1:h1NjWce9XRLGQEsW7wpKNCjG9DtNlClVuFLEZdDNbEs=
golang.org/x/sys v0.0.0-20201018230417-eeed37f84f13 h1:5jaG59Zhd+8ZXe8C+lgiAGqkOaZBruqrWclLkgAww34=
golang.org/x/sys v0.0.0-20201018230417-eeed37f84f13/go.mod h1:h1NjWce9XRLGQEsW7wpKNCjG9DtNlClVuFLEZdDNbEs=
